<?xml version="1.0" encoding="utf-8"?>
<Project ToolsVersion="4.0" xmlns="http://schemas.microsoft.com/developer/msbuild/2003">
  <ItemGroup>
    <Filter Include="Source Files">
      <UniqueIdentifier>{4FC737F1-C7A5-4376-A066-2A32D752A2FF}</UniqueIdentifier>
      <Extensions>cpp;c;cc;cxx;def;odl;idl;hpj;bat;asm;asmx</Extensions>
    </Filter>
  </ItemGroup>
  <ItemGroup>
    <ClInclude Include="..\SMX.h">
      <Filter>Source Files</Filter>
    </ClInclude>
    <ClInclude Include="SMXDevice.h">
      <Filter>Source Files</Filter>
    </ClInclude>
    <ClInclude Include="SMXDeviceConnection.h">
      <Filter>Source Files</Filter>
    </ClInclude>
    <ClInclude Include="SMXDeviceSearch.h">
      <Filter>Source Files</Filter>
    </ClInclude>
    <ClInclude Include="SMXDeviceSearchThreaded.h">
      <Filter>Source Files</Filter>
    </ClInclude>
    <ClInclude Include="SMXHelperThread.h">
      <Filter>Source Files</Filter>
    </ClInclude>
    <ClInclude Include="SMXManager.h">
      <Filter>Source Files</Filter>
    </ClInclude>
    <ClInclude Include="Helpers.h">
      <Filter>Source Files</Filter>
    </ClInclude>
  </ItemGroup>
  <ItemGroup>
    <ClCompile Include="SMX.cpp">
      <Filter>Source Files</Filter>
    </ClCompile>
    <ClCompile Include="SMXDevice.cpp">
      <Filter>Source Files</Filter>
    </ClCompile>
    <ClCompile Include="SMXDeviceConnection.cpp">
      <Filter>Source Files</Filter>
    </ClCompile>
    <ClCompile Include="SMXDeviceSearch.cpp">
      <Filter>Source Files</Filter>
    </ClCompile>
    <ClCompile Include="SMXDeviceSearchThreaded.cpp">
      <Filter>Source Files</Filter>
    </ClCompile>
    <ClCompile Include="SMXHelperThread.cpp">
      <Filter>Source Files</Filter>
    </ClCompile>
    <ClCompile Include="SMXManager.cpp">
      <Filter>Source Files</Filter>
    </ClCompile>
    <ClCompile Include="Helpers.cpp">
      <Filter>Source Files</Filter>
    </ClCompile>
  </ItemGroup>
</Project>